// !$*UTF8*$!
{
	archiveVersion = 1;
	classes = {
	};
	objectVersion = 50;
	objects = {

/* Begin PBXBuildFile section */
		710A957A25072DE70084C06A /* QiitaAPIRequest.swift in Sources */ = {isa = PBXBuildFile; fileRef = 710A957925072DE70084C06A /* QiitaAPIRequest.swift */; };
		710A957C25072F990084C06A /* QiitaItemsRequest.swift in Sources */ = {isa = PBXBuildFile; fileRef = 710A957B25072F990084C06A /* QiitaItemsRequest.swift */; };
		710A957E2507393A0084C06A /* QiitaAPIClient.swift in Sources */ = {isa = PBXBuildFile; fileRef = 710A957D2507393A0084C06A /* QiitaAPIClient.swift */; };
		710A958025073BB80084C06A /* ItemsModel.swift in Sources */ = {isa = PBXBuildFile; fileRef = 710A957F25073BB80084C06A /* ItemsModel.swift */; };
		710A95832507747B0084C06A /* ItemsViewModel.swift in Sources */ = {isa = PBXBuildFile; fileRef = 710A95822507747B0084C06A /* ItemsViewModel.swift */; };
		710A95852508A3910084C06A /* QiitaAPIComplexRequest.swift in Sources */ = {isa = PBXBuildFile; fileRef = 710A95842508A3910084C06A /* QiitaAPIComplexRequest.swift */; };
		710A95872508A4850084C06A /* QiitaItemsPaginationRequest.swift in Sources */ = {isa = PBXBuildFile; fileRef = 710A95862508A4850084C06A /* QiitaItemsPaginationRequest.swift */; };
		710A95892508A4B20084C06A /* QiitaItemsResponse.swift in Sources */ = {isa = PBXBuildFile; fileRef = 710A95882508A4B20084C06A /* QiitaItemsResponse.swift */; };
		71B535192502069C007F02EF /* QiitaItem.swift in Sources */ = {isa = PBXBuildFile; fileRef = 71B535182502069C007F02EF /* QiitaItem.swift */; };
		71B5351B250206B2007F02EF /* QiitaItemTag.swift in Sources */ = {isa = PBXBuildFile; fileRef = 71B5351A250206B2007F02EF /* QiitaItemTag.swift */; };
		71B5351D250206CE007F02EF /* QiitaUser.swift in Sources */ = {isa = PBXBuildFile; fileRef = 71B5351C250206CE007F02EF /* QiitaUser.swift */; };
		71B5352125021CE2007F02EF /* RxSwift.framework in Frameworks */ = {isa = PBXBuildFile; fileRef = 71B5351E25021CE2007F02EF /* RxSwift.framework */; };
		71B5352225021CE2007F02EF /* RxSwift.framework in Embed Frameworks */ = {isa = PBXBuildFile; fileRef = 71B5351E25021CE2007F02EF /* RxSwift.framework */; settings = {ATTRIBUTES = (CodeSignOnCopy, RemoveHeadersOnCopy, ); }; };
		71B5352325021CE2007F02EF /* RxCocoa.framework in Frameworks */ = {isa = PBXBuildFile; fileRef = 71B5351F25021CE2007F02EF /* RxCocoa.framework */; };
		71B5352425021CE2007F02EF /* RxCocoa.framework in Embed Frameworks */ = {isa = PBXBuildFile; fileRef = 71B5351F25021CE2007F02EF /* RxCocoa.framework */; settings = {ATTRIBUTES = (CodeSignOnCopy, RemoveHeadersOnCopy, ); }; };
		71B5352525021CE2007F02EF /* RxRelay.framework in Frameworks */ = {isa = PBXBuildFile; fileRef = 71B5352025021CE2007F02EF /* RxRelay.framework */; };
		71B5352625021CE2007F02EF /* RxRelay.framework in Embed Frameworks */ = {isa = PBXBuildFile; fileRef = 71B5352025021CE2007F02EF /* RxRelay.framework */; settings = {ATTRIBUTES = (CodeSignOnCopy, RemoveHeadersOnCopy, ); }; };
		A533F7F924F0B613005B98AC /* ItemsViewController.swift in Sources */ = {isa = PBXBuildFile; fileRef = A533F7F824F0B613005B98AC /* ItemsViewController.swift */; };
		A533F7FB24F0B631005B98AC /* ItemsViewController.storyboard in Resources */ = {isa = PBXBuildFile; fileRef = A533F7FA24F0B631005B98AC /* ItemsViewController.storyboard */; };
		A533F81424F0E87A005B98AC /* ItemsViewControllerCell.swift in Sources */ = {isa = PBXBuildFile; fileRef = A533F81224F0E87A005B98AC /* ItemsViewControllerCell.swift */; };
		A533F81524F0E87A005B98AC /* ItemsViewControllerCell.xib in Resources */ = {isa = PBXBuildFile; fileRef = A533F81324F0E87A005B98AC /* ItemsViewControllerCell.xib */; };
		A533F81924F0EA17005B98AC /* ImageView.swift in Sources */ = {isa = PBXBuildFile; fileRef = A533F81824F0EA17005B98AC /* ImageView.swift */; };
		A533F81F24F0F59E005B98AC /* Kingfisher.framework in Frameworks */ = {isa = PBXBuildFile; fileRef = A533F81D24F0F59E005B98AC /* Kingfisher.framework */; };
		A533F82124F0F59E005B98AC /* Alamofire.framework in Frameworks */ = {isa = PBXBuildFile; fileRef = A533F81E24F0F59E005B98AC /* Alamofire.framework */; };
		A533F82624F0F66B005B98AC /* ItemsViewControllerIndicatorCell.swift in Sources */ = {isa = PBXBuildFile; fileRef = A533F82424F0F66B005B98AC /* ItemsViewControllerIndicatorCell.swift */; };
		A533F82724F0F66B005B98AC /* ItemsViewControllerIndicatorCell.xib in Resources */ = {isa = PBXBuildFile; fileRef = A533F82524F0F66B005B98AC /* ItemsViewControllerIndicatorCell.xib */; };
		A533F82924F0F6BC005B98AC /* ItemsViewControllerCellType.swift in Sources */ = {isa = PBXBuildFile; fileRef = A533F82824F0F6BC005B98AC /* ItemsViewControllerCellType.swift */; };
		A533F82C24F16888005B98AC /* SafariViewController.swift in Sources */ = {isa = PBXBuildFile; fileRef = A533F82B24F16888005B98AC /* SafariViewController.swift */; };
		A55D6BFA24F24AC4000B2ED4 /* Secrets.swift in Sources */ = {isa = PBXBuildFile; fileRef = A55D6BF924F24AC4000B2ED4 /* Secrets.swift */; };
		A5F5DD4624F0B05B002F7F43 /* AppDelegate.swift in Sources */ = {isa = PBXBuildFile; fileRef = A5F5DD4524F0B05B002F7F43 /* AppDelegate.swift */; };
		A5F5DD4824F0B05B002F7F43 /* SceneDelegate.swift in Sources */ = {isa = PBXBuildFile; fileRef = A5F5DD4724F0B05B002F7F43 /* SceneDelegate.swift */; };
		A5F5DD4F24F0B05C002F7F43 /* Assets.xcassets in Resources */ = {isa = PBXBuildFile; fileRef = A5F5DD4E24F0B05C002F7F43 /* Assets.xcassets */; };
		A5F5DD5224F0B05C002F7F43 /* LaunchScreen.storyboard in Resources */ = {isa = PBXBuildFile; fileRef = A5F5DD5024F0B05C002F7F43 /* LaunchScreen.storyboard */; };
		A5F5DD5D24F0B05C002F7F43 /* MentaMVCTests.swift in Sources */ = {isa = PBXBuildFile; fileRef = A5F5DD5C24F0B05C002F7F43 /* MentaMVCTests.swift */; };
/* End PBXBuildFile section */

/* Begin PBXContainerItemProxy section */
		A5F5DD5924F0B05C002F7F43 /* PBXContainerItemProxy */ = {
			isa = PBXContainerItemProxy;
			containerPortal = A5F5DD3A24F0B05B002F7F43 /* Project object */;
			proxyType = 1;
			remoteGlobalIDString = A5F5DD4124F0B05B002F7F43;
			remoteInfo = MentaMVC;
		};
/* End PBXContainerItemProxy section */

/* Begin PBXCopyFilesBuildPhase section */
		71B5352725021CE2007F02EF /* Embed Frameworks */ = {
			isa = PBXCopyFilesBuildPhase;
			buildActionMask = 2147483647;
			dstPath = "";
			dstSubfolderSpec = 10;
			files = (
				71B5352425021CE2007F02EF /* RxCocoa.framework in Embed Frameworks */,
				71B5352225021CE2007F02EF /* RxSwift.framework in Embed Frameworks */,
				71B5352625021CE2007F02EF /* RxRelay.framework in Embed Frameworks */,
			);
			name = "Embed Frameworks";
			runOnlyForDeploymentPostprocessing = 0;
		};
/* End PBXCopyFilesBuildPhase section */

/* Begin PBXFileReference section */
		710A957925072DE70084C06A /* QiitaAPIRequest.swift */ = {isa = PBXFileReference; lastKnownFileType = sourcecode.swift; path = QiitaAPIRequest.swift; sourceTree = "<group>"; };
		710A957B25072F990084C06A /* QiitaItemsRequest.swift */ = {isa = PBXFileReference; lastKnownFileType = sourcecode.swift; path = QiitaItemsRequest.swift; sourceTree = "<group>"; };
		710A957D2507393A0084C06A /* QiitaAPIClient.swift */ = {isa = PBXFileReference; lastKnownFileType = sourcecode.swift; path = QiitaAPIClient.swift; sourceTree = "<group>"; };
		710A957F25073BB80084C06A /* ItemsModel.swift */ = {isa = PBXFileReference; lastKnownFileType = sourcecode.swift; path = ItemsModel.swift; sourceTree = "<group>"; };
		710A95822507747B0084C06A /* ItemsViewModel.swift */ = {isa = PBXFileReference; lastKnownFileType = sourcecode.swift; path = ItemsViewModel.swift; sourceTree = "<group>"; };
		710A95842508A3910084C06A /* QiitaAPIComplexRequest.swift */ = {isa = PBXFileReference; lastKnownFileType = sourcecode.swift; path = QiitaAPIComplexRequest.swift; sourceTree = "<group>"; };
		710A95862508A4850084C06A /* QiitaItemsPaginationRequest.swift */ = {isa = PBXFileReference; lastKnownFileType = sourcecode.swift; path = QiitaItemsPaginationRequest.swift; sourceTree = "<group>"; };
		710A95882508A4B20084C06A /* QiitaItemsResponse.swift */ = {isa = PBXFileReference; lastKnownFileType = sourcecode.swift; path = QiitaItemsResponse.swift; sourceTree = "<group>"; };
		71B535182502069C007F02EF /* QiitaItem.swift */ = {isa = PBXFileReference; lastKnownFileType = sourcecode.swift; path = QiitaItem.swift; sourceTree = "<group>"; };
		71B5351A250206B2007F02EF /* QiitaItemTag.swift */ = {isa = PBXFileReference; lastKnownFileType = sourcecode.swift; path = QiitaItemTag.swift; sourceTree = "<group>"; };
		71B5351C250206CE007F02EF /* QiitaUser.swift */ = {isa = PBXFileReference; lastKnownFileType = sourcecode.swift; path = QiitaUser.swift; sourceTree = "<group>"; };
		71B5351E25021CE2007F02EF /* RxSwift.framework */ = {isa = PBXFileReference; lastKnownFileType = wrapper.framework; name = RxSwift.framework; path = Carthage/Build/iOS/RxSwift.framework; sourceTree = "<group>"; };
		71B5351F25021CE2007F02EF /* RxCocoa.framework */ = {isa = PBXFileReference; lastKnownFileType = wrapper.framework; name = RxCocoa.framework; path = Carthage/Build/iOS/RxCocoa.framework; sourceTree = "<group>"; };
		71B5352025021CE2007F02EF /* RxRelay.framework */ = {isa = PBXFileReference; lastKnownFileType = wrapper.framework; name = RxRelay.framework; path = Carthage/Build/iOS/RxRelay.framework; sourceTree = "<group>"; };
		A533F7F824F0B613005B98AC /* ItemsViewController.swift */ = {isa = PBXFileReference; lastKnownFileType = sourcecode.swift; path = ItemsViewController.swift; sourceTree = "<group>"; };
		A533F7FA24F0B631005B98AC /* ItemsViewController.storyboard */ = {isa = PBXFileReference; lastKnownFileType = file.storyboard; path = ItemsViewController.storyboard; sourceTree = "<group>"; };
		A533F81224F0E87A005B98AC /* ItemsViewControllerCell.swift */ = {isa = PBXFileReference; lastKnownFileType = sourcecode.swift; path = ItemsViewControllerCell.swift; sourceTree = "<group>"; };
		A533F81324F0E87A005B98AC /* ItemsViewControllerCell.xib */ = {isa = PBXFileReference; lastKnownFileType = file.xib; path = ItemsViewControllerCell.xib; sourceTree = "<group>"; };
		A533F81824F0EA17005B98AC /* ImageView.swift */ = {isa = PBXFileReference; lastKnownFileType = sourcecode.swift; path = ImageView.swift; sourceTree = "<group>"; };
		A533F81D24F0F59E005B98AC /* Kingfisher.framework */ = {isa = PBXFileReference; lastKnownFileType = wrapper.framework; name = Kingfisher.framework; path = Carthage/Build/iOS/Kingfisher.framework; sourceTree = "<group>"; };
		A533F81E24F0F59E005B98AC /* Alamofire.framework */ = {isa = PBXFileReference; lastKnownFileType = wrapper.framework; name = Alamofire.framework; path = Carthage/Build/iOS/Alamofire.framework; sourceTree = "<group>"; };
		A533F82424F0F66B005B98AC /* ItemsViewControllerIndicatorCell.swift */ = {isa = PBXFileReference; lastKnownFileType = sourcecode.swift; path = ItemsViewControllerIndicatorCell.swift; sourceTree = "<group>"; };
		A533F82524F0F66B005B98AC /* ItemsViewControllerIndicatorCell.xib */ = {isa = PBXFileReference; lastKnownFileType = file.xib; path = ItemsViewControllerIndicatorCell.xib; sourceTree = "<group>"; };
		A533F82824F0F6BC005B98AC /* ItemsViewControllerCellType.swift */ = {isa = PBXFileReference; lastKnownFileType = sourcecode.swift; path = ItemsViewControllerCellType.swift; sourceTree = "<group>"; };
		A533F82B24F16888005B98AC /* SafariViewController.swift */ = {isa = PBXFileReference; lastKnownFileType = sourcecode.swift; path = SafariViewController.swift; sourceTree = "<group>"; };
		A55D6BF924F24AC4000B2ED4 /* Secrets.swift */ = {isa = PBXFileReference; fileEncoding = 4; lastKnownFileType = sourcecode.swift; path = Secrets.swift; sourceTree = "<group>"; };
		A5F5DD4224F0B05B002F7F43 /* MentaMVC.app */ = {isa = PBXFileReference; explicitFileType = wrapper.application; includeInIndex = 0; path = MentaMVC.app; sourceTree = BUILT_PRODUCTS_DIR; };
		A5F5DD4524F0B05B002F7F43 /* AppDelegate.swift */ = {isa = PBXFileReference; lastKnownFileType = sourcecode.swift; path = AppDelegate.swift; sourceTree = "<group>"; };
		A5F5DD4724F0B05B002F7F43 /* SceneDelegate.swift */ = {isa = PBXFileReference; lastKnownFileType = sourcecode.swift; path = SceneDelegate.swift; sourceTree = "<group>"; };
		A5F5DD4E24F0B05C002F7F43 /* Assets.xcassets */ = {isa = PBXFileReference; lastKnownFileType = folder.assetcatalog; path = Assets.xcassets; sourceTree = "<group>"; };
		A5F5DD5124F0B05C002F7F43 /* Base */ = {isa = PBXFileReference; lastKnownFileType = file.storyboard; name = Base; path = Base.lproj/LaunchScreen.storyboard; sourceTree = "<group>"; };
		A5F5DD5324F0B05C002F7F43 /* Info.plist */ = {isa = PBXFileReference; lastKnownFileType = text.plist.xml; path = Info.plist; sourceTree = "<group>"; };
		A5F5DD5824F0B05C002F7F43 /* MentaMVCTests.xctest */ = {isa = PBXFileReference; explicitFileType = wrapper.cfbundle; includeInIndex = 0; path = MentaMVCTests.xctest; sourceTree = BUILT_PRODUCTS_DIR; };
		A5F5DD5C24F0B05C002F7F43 /* MentaMVCTests.swift */ = {isa = PBXFileReference; lastKnownFileType = sourcecode.swift; path = MentaMVCTests.swift; sourceTree = "<group>"; };
		A5F5DD5E24F0B05C002F7F43 /* Info.plist */ = {isa = PBXFileReference; lastKnownFileType = text.plist.xml; path = Info.plist; sourceTree = "<group>"; };
/* End PBXFileReference section */

/* Begin PBXFrameworksBuildPhase section */
		A5F5DD3F24F0B05B002F7F43 /* Frameworks */ = {
			isa = PBXFrameworksBuildPhase;
			buildActionMask = 2147483647;
			files = (
				71B5352325021CE2007F02EF /* RxCocoa.framework in Frameworks */,
				A533F81F24F0F59E005B98AC /* Kingfisher.framework in Frameworks */,
				A533F82124F0F59E005B98AC /* Alamofire.framework in Frameworks */,
				71B5352125021CE2007F02EF /* RxSwift.framework in Frameworks */,
				71B5352525021CE2007F02EF /* RxRelay.framework in Frameworks */,
			);
			runOnlyForDeploymentPostprocessing = 0;
		};
		A5F5DD5524F0B05C002F7F43 /* Frameworks */ = {
			isa = PBXFrameworksBuildPhase;
			buildActionMask = 2147483647;
			files = (
			);
			runOnlyForDeploymentPostprocessing = 0;
		};
/* End PBXFrameworksBuildPhase section */

/* Begin PBXGroup section */
		710A957825072DD20084C06A /* Request */ = {
			isa = PBXGroup;
			children = (
				710A957925072DE70084C06A /* QiitaAPIRequest.swift */,
				710A95842508A3910084C06A /* QiitaAPIComplexRequest.swift */,
				710A957B25072F990084C06A /* QiitaItemsRequest.swift */,
				710A95862508A4850084C06A /* QiitaItemsPaginationRequest.swift */,
			);
			path = Request;
			sourceTree = "<group>";
		};
		710A9581250773300084C06A /* ViewModel */ = {
			isa = PBXGroup;
			children = (
				710A95822507747B0084C06A /* ItemsViewModel.swift */,
			);
			path = ViewModel;
			sourceTree = "<group>";
		};
		71B535152502043A007F02EF /* Model */ = {
			isa = PBXGroup;
			children = (
				710A957F25073BB80084C06A /* ItemsModel.swift */,
				71B5351625020444007F02EF /* Network */,
			);
			path = Model;
			sourceTree = "<group>";
		};
		71B5351625020444007F02EF /* Network */ = {
			isa = PBXGroup;
			children = (
				710A957D2507393A0084C06A /* QiitaAPIClient.swift */,
				710A957825072DD20084C06A /* Request */,
				71B5351725020691007F02EF /* Response */,
			);
			path = Network;
			sourceTree = "<group>";
		};
		71B5351725020691007F02EF /* Response */ = {
			isa = PBXGroup;
			children = (
				71B535182502069C007F02EF /* QiitaItem.swift */,
				71B5351A250206B2007F02EF /* QiitaItemTag.swift */,
				710A95882508A4B20084C06A /* QiitaItemsResponse.swift */,
				71B5351C250206CE007F02EF /* QiitaUser.swift */,
			);
			path = Response;
			sourceTree = "<group>";
		};
		A533F7F624F0B5D4005B98AC /* View */ = {
			isa = PBXGroup;
			children = (
				A533F7F724F0B5DF005B98AC /* Items */,
				A533F82A24F1686A005B98AC /* Safari */,
			);
			path = View;
			sourceTree = "<group>";
		};
		A533F7F724F0B5DF005B98AC /* Items */ = {
			isa = PBXGroup;
			children = (
				A533F82824F0F6BC005B98AC /* ItemsViewControllerCellType.swift */,
				A533F7F824F0B613005B98AC /* ItemsViewController.swift */,
				A533F7FA24F0B631005B98AC /* ItemsViewController.storyboard */,
				A533F81124F0E85E005B98AC /* Cell */,
			);
			path = Items;
			sourceTree = "<group>";
		};
		A533F81124F0E85E005B98AC /* Cell */ = {
			isa = PBXGroup;
			children = (
				A533F81224F0E87A005B98AC /* ItemsViewControllerCell.swift */,
				A533F81324F0E87A005B98AC /* ItemsViewControllerCell.xib */,
				A533F82424F0F66B005B98AC /* ItemsViewControllerIndicatorCell.swift */,
				A533F82524F0F66B005B98AC /* ItemsViewControllerIndicatorCell.xib */,
			);
			path = Cell;
			sourceTree = "<group>";
		};
		A533F81624F0E9E2005B98AC /* Common */ = {
			isa = PBXGroup;
			children = (
				A533F81724F0E9E9005B98AC /* View */,
			);
			path = Common;
			sourceTree = "<group>";
		};
		A533F81724F0E9E9005B98AC /* View */ = {
			isa = PBXGroup;
			children = (
				A533F81824F0EA17005B98AC /* ImageView.swift */,
			);
			path = View;
			sourceTree = "<group>";
		};
		A533F81C24F0F59E005B98AC /* Frameworks */ = {
			isa = PBXGroup;
			children = (
				71B5351F25021CE2007F02EF /* RxCocoa.framework */,
				71B5352025021CE2007F02EF /* RxRelay.framework */,
				71B5351E25021CE2007F02EF /* RxSwift.framework */,
				A533F81E24F0F59E005B98AC /* Alamofire.framework */,
				A533F81D24F0F59E005B98AC /* Kingfisher.framework */,
			);
			name = Frameworks;
			sourceTree = "<group>";
		};
		A533F82A24F1686A005B98AC /* Safari */ = {
			isa = PBXGroup;
			children = (
				A533F82B24F16888005B98AC /* SafariViewController.swift */,
			);
			path = Safari;
			sourceTree = "<group>";
		};
		A5F5DD3924F0B05B002F7F43 = {
			isa = PBXGroup;
			children = (
				A5F5DD4424F0B05B002F7F43 /* MentaMVC */,
				A5F5DD5B24F0B05C002F7F43 /* MentaMVCTests */,
				A5F5DD4324F0B05B002F7F43 /* Products */,
				A533F81C24F0F59E005B98AC /* Frameworks */,
			);
			sourceTree = "<group>";
		};
		A5F5DD4324F0B05B002F7F43 /* Products */ = {
			isa = PBXGroup;
			children = (
				A5F5DD4224F0B05B002F7F43 /* MentaMVC.app */,
				A5F5DD5824F0B05C002F7F43 /* MentaMVCTests.xctest */,
			);
			name = Products;
			sourceTree = "<group>";
		};
		A5F5DD4424F0B05B002F7F43 /* MentaMVC */ = {
			isa = PBXGroup;
			children = (
				A5F5DD4524F0B05B002F7F43 /* AppDelegate.swift */,
				A5F5DD4724F0B05B002F7F43 /* SceneDelegate.swift */,
				A55D6BF924F24AC4000B2ED4 /* Secrets.swift */,
				71B535152502043A007F02EF /* Model */,
				710A9581250773300084C06A /* ViewModel */,
				A533F7F624F0B5D4005B98AC /* View */,
				A533F81624F0E9E2005B98AC /* Common */,
				A5F5DD4E24F0B05C002F7F43 /* Assets.xcassets */,
				A5F5DD5024F0B05C002F7F43 /* LaunchScreen.storyboard */,
				A5F5DD5324F0B05C002F7F43 /* Info.plist */,
			);
			path = MentaMVC;
			sourceTree = "<group>";
		};
		A5F5DD5B24F0B05C002F7F43 /* MentaMVCTests */ = {
			isa = PBXGroup;
			children = (
				A5F5DD5C24F0B05C002F7F43 /* MentaMVCTests.swift */,
				A5F5DD5E24F0B05C002F7F43 /* Info.plist */,
			);
			path = MentaMVCTests;
			sourceTree = "<group>";
		};
/* End PBXGroup section */

/* Begin PBXNativeTarget section */
		A5F5DD4124F0B05B002F7F43 /* MentaMVC */ = {
			isa = PBXNativeTarget;
			buildConfigurationList = A5F5DD6124F0B05C002F7F43 /* Build configuration list for PBXNativeTarget "MentaMVC" */;
			buildPhases = (
				A5F5DD3E24F0B05B002F7F43 /* Sources */,
				A5F5DD3F24F0B05B002F7F43 /* Frameworks */,
				A5F5DD4024F0B05B002F7F43 /* Resources */,
				A533F81B24F0F580005B98AC /* Carthage */,
				71B5352725021CE2007F02EF /* Embed Frameworks */,
			);
			buildRules = (
			);
			dependencies = (
			);
			name = MentaMVC;
			productName = MentaMVC;
			productReference = A5F5DD4224F0B05B002F7F43 /* MentaMVC.app */;
			productType = "com.apple.product-type.application";
		};
		A5F5DD5724F0B05C002F7F43 /* MentaMVCTests */ = {
			isa = PBXNativeTarget;
			buildConfigurationList = A5F5DD6424F0B05C002F7F43 /* Build configuration list for PBXNativeTarget "MentaMVCTests" */;
			buildPhases = (
				A5F5DD5424F0B05C002F7F43 /* Sources */,
				A5F5DD5524F0B05C002F7F43 /* Frameworks */,
				A5F5DD5624F0B05C002F7F43 /* Resources */,
			);
			buildRules = (
			);
			dependencies = (
				A5F5DD5A24F0B05C002F7F43 /* PBXTargetDependency */,
			);
			name = MentaMVCTests;
			productName = MentaMVCTests;
			productReference = A5F5DD5824F0B05C002F7F43 /* MentaMVCTests.xctest */;
			productType = "com.apple.product-type.bundle.unit-test";
		};
/* End PBXNativeTarget section */

/* Begin PBXProject section */
		A5F5DD3A24F0B05B002F7F43 /* Project object */ = {
			isa = PBXProject;
			attributes = {
				LastSwiftUpdateCheck = 1160;
				LastUpgradeCheck = 1160;
				ORGANIZATIONNAME = "Shunya Yamada";
				TargetAttributes = {
					A5F5DD4124F0B05B002F7F43 = {
						CreatedOnToolsVersion = 11.6;
					};
					A5F5DD5724F0B05C002F7F43 = {
						CreatedOnToolsVersion = 11.6;
						TestTargetID = A5F5DD4124F0B05B002F7F43;
					};
				};
			};
			buildConfigurationList = A5F5DD3D24F0B05B002F7F43 /* Build configuration list for PBXProject "MentaMVC" */;
			compatibilityVersion = "Xcode 9.3";
			developmentRegion = en;
			hasScannedForEncodings = 0;
			knownRegions = (
				en,
				Base,
			);
			mainGroup = A5F5DD3924F0B05B002F7F43;
			productRefGroup = A5F5DD4324F0B05B002F7F43 /* Products */;
			projectDirPath = "";
			projectRoot = "";
			targets = (
				A5F5DD4124F0B05B002F7F43 /* MentaMVC */,
				A5F5DD5724F0B05C002F7F43 /* MentaMVCTests */,
			);
		};
/* End PBXProject section */

/* Begin PBXResourcesBuildPhase section */
		A5F5DD4024F0B05B002F7F43 /* Resources */ = {
			isa = PBXResourcesBuildPhase;
			buildActionMask = 2147483647;
			files = (
				A5F5DD5224F0B05C002F7F43 /* LaunchScreen.storyboard in Resources */,
				A533F81524F0E87A005B98AC /* ItemsViewControllerCell.xib in Resources */,
				A5F5DD4F24F0B05C002F7F43 /* Assets.xcassets in Resources */,
				A533F7FB24F0B631005B98AC /* ItemsViewController.storyboard in Resources */,
				A533F82724F0F66B005B98AC /* ItemsViewControllerIndicatorCell.xib in Resources */,
			);
			runOnlyForDeploymentPostprocessing = 0;
		};
		A5F5DD5624F0B05C002F7F43 /* Resources */ = {
			isa = PBXResourcesBuildPhase;
			buildActionMask = 2147483647;
			files = (
			);
			runOnlyForDeploymentPostprocessing = 0;
		};
/* End PBXResourcesBuildPhase section */

/* Begin PBXShellScriptBuildPhase section */
		A533F81B24F0F580005B98AC /* Carthage */ = {
			isa = PBXShellScriptBuildPhase;
			buildActionMask = 2147483647;
			files = (
			);
			inputFileListPaths = (
			);
			inputPaths = (
				"$(SRCROOT)/Carthage/Build/iOS/Alamofire.framework",
				"$(SRCROOT)/Carthage/Build/iOS/Kingfisher.framework",
				"$(SRCROOT)/Carthage/Build/iOS/RxCocoa.framework",
				"$(SRCROOT)/Carthage/Build/iOS/RxRelay.framework",
				"$(SRCROOT)/Carthage/Build/iOS/RxSwift.framework",
			);
			name = Carthage;
			outputFileListPaths = (
			);
			outputPaths = (
			);
			runOnlyForDeploymentPostprocessing = 0;
			shellPath = /bin/sh;
			shellScript = "/usr/local/bin/carthage copy-frameworks\n";
		};
/* End PBXShellScriptBuildPhase section */

/* Begin PBXSourcesBuildPhase section */
		A5F5DD3E24F0B05B002F7F43 /* Sources */ = {
			isa = PBXSourcesBuildPhase;
			buildActionMask = 2147483647;
			files = (
				A533F81924F0EA17005B98AC /* ImageView.swift in Sources */,
				71B535192502069C007F02EF /* QiitaItem.swift in Sources */,
				A55D6BFA24F24AC4000B2ED4 /* Secrets.swift in Sources */,
				A533F7F924F0B613005B98AC /* ItemsViewController.swift in Sources */,
				A533F82C24F16888005B98AC /* SafariViewController.swift in Sources */,
				71B5351D250206CE007F02EF /* QiitaUser.swift in Sources */,
				710A957E2507393A0084C06A /* QiitaAPIClient.swift in Sources */,
				A533F82924F0F6BC005B98AC /* ItemsViewControllerCellType.swift in Sources */,
				710A95892508A4B20084C06A /* QiitaItemsResponse.swift in Sources */,
				A533F81424F0E87A005B98AC /* ItemsViewControllerCell.swift in Sources */,
				71B5351B250206B2007F02EF /* QiitaItemTag.swift in Sources */,
				710A95852508A3910084C06A /* QiitaAPIComplexRequest.swift in Sources */,
				710A95872508A4850084C06A /* QiitaItemsPaginationRequest.swift in Sources */,
				710A957C25072F990084C06A /* QiitaItemsRequest.swift in Sources */,
				710A95832507747B0084C06A /* ItemsViewModel.swift in Sources */,
				710A957A25072DE70084C06A /* QiitaAPIRequest.swift in Sources */,
				A533F82624F0F66B005B98AC /* ItemsViewControllerIndicatorCell.swift in Sources */,
				A5F5DD4624F0B05B002F7F43 /* AppDelegate.swift in Sources */,
				710A958025073BB80084C06A /* ItemsModel.swift in Sources */,
				A5F5DD4824F0B05B002F7F43 /* SceneDelegate.swift in Sources */,
			);
			runOnlyForDeploymentPostprocessing = 0;
		};
		A5F5DD5424F0B05C002F7F43 /* Sources */ = {
			isa = PBXSourcesBuildPhase;
			buildActionMask = 2147483647;
			files = (
				A5F5DD5D24F0B05C002F7F43 /* MentaMVCTests.swift in Sources */,
			);
			runOnlyForDeploymentPostprocessing = 0;
		};
/* End PBXSourcesBuildPhase section */

/* Begin PBXTargetDependency section */
		A5F5DD5A24F0B05C002F7F43 /* PBXTargetDependency */ = {
			isa = PBXTargetDependency;
			target = A5F5DD4124F0B05B002F7F43 /* MentaMVC */;
			targetProxy = A5F5DD5924F0B05C002F7F43 /* PBXContainerItemProxy */;
		};
/* End PBXTargetDependency section */

/* Begin PBXVariantGroup section */
		A5F5DD5024F0B05C002F7F43 /* LaunchScreen.storyboard */ = {
			isa = PBXVariantGroup;
			children = (
				A5F5DD5124F0B05C002F7F43 /* Base */,
			);
			name = LaunchScreen.storyboard;
			sourceTree = "<group>";
		};
/* End PBXVariantGroup section */

/* Begin XCBuildConfiguration section */
		A5F5DD5F24F0B05C002F7F43 /* Debug */ = {
			isa = XCBuildConfiguration;
			buildSettings = {
				ALWAYS_SEARCH_USER_PATHS = NO;
				CLANG_ANALYZER_NONNULL = YES;
				CLANG_ANALYZER_NUMBER_OBJECT_CONVERSION = YES_AGGRESSIVE;
				CLANG_CXX_LANGUAGE_STANDARD = "gnu++14";
				CLANG_CXX_LIBRARY = "libc++";
				CLANG_ENABLE_MODULES = YES;
				CLANG_ENABLE_OBJC_ARC = YES;
				CLANG_ENABLE_OBJC_WEAK = YES;
				CLANG_WARN_BLOCK_CAPTURE_AUTORELEASING = YES;
				CLANG_WARN_BOOL_CONVERSION = YES;
				CLANG_WARN_COMMA = YES;
				CLANG_WARN_CONSTANT_CONVERSION = YES;
				CLANG_WARN_DEPRECATED_OBJC_IMPLEMENTATIONS = YES;
				CLANG_WARN_DIRECT_OBJC_ISA_USAGE = YES_ERROR;
				CLANG_WARN_DOCUMENTATION_COMMENTS = YES;
				CLANG_WARN_EMPTY_BODY = YES;
				CLANG_WARN_ENUM_CONVERSION = YES;
				CLANG_WARN_INFINITE_RECURSION = YES;
				CLANG_WARN_INT_CONVERSION = YES;
				CLANG_WARN_NON_LITERAL_NULL_CONVERSION = YES;
				CLANG_WARN_OBJC_IMPLICIT_RETAIN_SELF = YES;
				CLANG_WARN_OBJC_LITERAL_CONVERSION = YES;
				CLANG_WARN_OBJC_ROOT_CLASS = YES_ERROR;
				CLANG_WARN_RANGE_LOOP_ANALYSIS = YES;
				CLANG_WARN_STRICT_PROTOTYPES = YES;
				CLANG_WARN_SUSPICIOUS_MOVE = YES;
				CLANG_WARN_UNGUARDED_AVAILABILITY = YES_AGGRESSIVE;
				CLANG_WARN_UNREACHABLE_CODE = YES;
				CLANG_WARN__DUPLICATE_METHOD_MATCH = YES;
				COPY_PHASE_STRIP = NO;
				DEBUG_INFORMATION_FORMAT = dwarf;
				ENABLE_STRICT_OBJC_MSGSEND = YES;
				ENABLE_TESTABILITY = YES;
				GCC_C_LANGUAGE_STANDARD = gnu11;
				GCC_DYNAMIC_NO_PIC = NO;
				GCC_NO_COMMON_BLOCKS = YES;
				GCC_OPTIMIZATION_LEVEL = 0;
				GCC_PREPROCESSOR_DEFINITIONS = (
					"DEBUG=1",
					"$(inherited)",
				);
				GCC_WARN_64_TO_32_BIT_CONVERSION = YES;
				GCC_WARN_ABOUT_RETURN_TYPE = YES_ERROR;
				GCC_WARN_UNDECLARED_SELECTOR = YES;
				GCC_WARN_UNINITIALIZED_AUTOS = YES_AGGRESSIVE;
				GCC_WARN_UNUSED_FUNCTION = YES;
				GCC_WARN_UNUSED_VARIABLE = YES;
				IPHONEOS_DEPLOYMENT_TARGET = 13.6;
				MTL_ENABLE_DEBUG_INFO = INCLUDE_SOURCE;
				MTL_FAST_MATH = YES;
				ONLY_ACTIVE_ARCH = YES;
				SDKROOT = iphoneos;
				SWIFT_ACTIVE_COMPILATION_CONDITIONS = DEBUG;
				SWIFT_OPTIMIZATION_LEVEL = "-Onone";
			};
			name = Debug;
		};
		A5F5DD6024F0B05C002F7F43 /* Release */ = {
			isa = XCBuildConfiguration;
			buildSettings = {
				ALWAYS_SEARCH_USER_PATHS = NO;
				CLANG_ANALYZER_NONNULL = YES;
				CLANG_ANALYZER_NUMBER_OBJECT_CONVERSION = YES_AGGRESSIVE;
				CLANG_CXX_LANGUAGE_STANDARD = "gnu++14";
				CLANG_CXX_LIBRARY = "libc++";
				CLANG_ENABLE_MODULES = YES;
				CLANG_ENABLE_OBJC_ARC = YES;
				CLANG_ENABLE_OBJC_WEAK = YES;
				CLANG_WARN_BLOCK_CAPTURE_AUTORELEASING = YES;
				CLANG_WARN_BOOL_CONVERSION = YES;
				CLANG_WARN_COMMA = YES;
				CLANG_WARN_CONSTANT_CONVERSION = YES;
				CLANG_WARN_DEPRECATED_OBJC_IMPLEMENTATIONS = YES;
				CLANG_WARN_DIRECT_OBJC_ISA_USAGE = YES_ERROR;
				CLANG_WARN_DOCUMENTATION_COMMENTS = YES;
				CLANG_WARN_EMPTY_BODY = YES;
				CLANG_WARN_ENUM_CONVERSION = YES;
				CLANG_WARN_INFINITE_RECURSION = YES;
				CLANG_WARN_INT_CONVERSION = YES;
				CLANG_WARN_NON_LITERAL_NULL_CONVERSION = YES;
				CLANG_WARN_OBJC_IMPLICIT_RETAIN_SELF = YES;
				CLANG_WARN_OBJC_LITERAL_CONVERSION = YES;
				CLANG_WARN_OBJC_ROOT_CLASS = YES_ERROR;
				CLANG_WARN_RANGE_LOOP_ANALYSIS = YES;
				CLANG_WARN_STRICT_PROTOTYPES = YES;
				CLANG_WARN_SUSPICIOUS_MOVE = YES;
				CLANG_WARN_UNGUARDED_AVAILABILITY = YES_AGGRESSIVE;
				CLANG_WARN_UNREACHABLE_CODE = YES;
				CLANG_WARN__DUPLICATE_METHOD_MATCH = YES;
				COPY_PHASE_STRIP = NO;
				DEBUG_INFORMATION_FORMAT = "dwarf-with-dsym";
				ENABLE_NS_ASSERTIONS = NO;
				ENABLE_STRICT_OBJC_MSGSEND = YES;
				GCC_C_LANGUAGE_STANDARD = gnu11;
				GCC_NO_COMMON_BLOCKS = YES;
				GCC_WARN_64_TO_32_BIT_CONVERSION = YES;
				GCC_WARN_ABOUT_RETURN_TYPE = YES_ERROR;
				GCC_WARN_UNDECLARED_SELECTOR = YES;
				GCC_WARN_UNINITIALIZED_AUTOS = YES_AGGRESSIVE;
				GCC_WARN_UNUSED_FUNCTION = YES;
				GCC_WARN_UNUSED_VARIABLE = YES;
				IPHONEOS_DEPLOYMENT_TARGET = 13.6;
				MTL_ENABLE_DEBUG_INFO = NO;
				MTL_FAST_MATH = YES;
				SDKROOT = iphoneos;
				SWIFT_COMPILATION_MODE = wholemodule;
				SWIFT_OPTIMIZATION_LEVEL = "-O";
				VALIDATE_PRODUCT = YES;
			};
			name = Release;
		};
		A5F5DD6224F0B05C002F7F43 /* Debug */ = {
			isa = XCBuildConfiguration;
			buildSettings = {
				ASSETCATALOG_COMPILER_APPICON_NAME = AppIcon;
				CODE_SIGN_STYLE = Automatic;
				FRAMEWORK_SEARCH_PATHS = (
					"$(inherited)",
					"$(PROJECT_DIR)/Carthage/Build/iOS",
				);
				INFOPLIST_FILE = MentaMVC/Info.plist;
				LD_RUNPATH_SEARCH_PATHS = (
					"$(inherited)",
					"@executable_path/Frameworks",
				);
				PRODUCT_BUNDLE_IDENTIFIER = ShunyaYamada.MentaMVC;
				PRODUCT_NAME = "$(TARGET_NAME)";
				SWIFT_VERSION = 5.0;
				TARGETED_DEVICE_FAMILY = 1;
			};
			name = Debug;
		};
		A5F5DD6324F0B05C002F7F43 /* Release */ = {
			isa = XCBuildConfiguration;
			buildSettings = {
				ASSETCATALOG_COMPILER_APPICON_NAME = AppIcon;
				CODE_SIGN_STYLE = Automatic;
				FRAMEWORK_SEARCH_PATHS = (
					"$(inherited)",
					"$(PROJECT_DIR)/Carthage/Build/iOS",
				);
				INFOPLIST_FILE = MentaMVC/Info.plist;
				LD_RUNPATH_SEARCH_PATHS = (
					"$(inherited)",
					"@executable_path/Frameworks",
				);
				PRODUCT_BUNDLE_IDENTIFIER = ShunyaYamada.MentaMVC;
				PRODUCT_NAME = "$(TARGET_NAME)";
				SWIFT_VERSION = 5.0;
				TARGETED_DEVICE_FAMILY = 1;
			};
			name = Release;
		};
		A5F5DD6524F0B05C002F7F43 /* Debug */ = {
			isa = XCBuildConfiguration;
			buildSettings = {
				ALWAYS_EMBED_SWIFT_STANDARD_LIBRARIES = YES;
				BUNDLE_LOADER = "$(TEST_HOST)";
				CODE_SIGN_STYLE = Automatic;
				INFOPLIST_FILE = MentaMVCTests/Info.plist;
				IPHONEOS_DEPLOYMENT_TARGET = 13.6;
				LD_RUNPATH_SEARCH_PATHS = (
					"$(inherited)",
					"@executable_path/Frameworks",
					"@loader_path/Frameworks",
				);
				PRODUCT_BUNDLE_IDENTIFIER = ShunyaYamada.MentaMVCTests;
				PRODUCT_NAME = "$(TARGET_NAME)";
				SWIFT_VERSION = 5.0;
				TARGETED_DEVICE_FAMILY = "1,2";
				TEST_HOST = "$(BUILT_PRODUCTS_DIR)/MentaMVC.app/MentaMVC";
			};
			name = Debug;
		};
		A5F5DD6624F0B05C002F7F43 /* Release */ = {
			isa = XCBuildConfiguration;
			buildSettings = {
				ALWAYS_EMBED_SWIFT_STANDARD_LIBRARIES = YES;
				BUNDLE_LOADER = "$(TEST_HOST)";
				CODE_SIGN_STYLE = Automatic;
				INFOPLIST_FILE = MentaMVCTests/Info.plist;
				IPHONEOS_DEPLOYMENT_TARGET = 13.6;
				LD_RUNPATH_SEARCH_PATHS = (
					"$(inherited)",
					"@executable_path/Frameworks",
					"@loader_path/Frameworks",
				);
				PRODUCT_BUNDLE_IDENTIFIER = ShunyaYamada.MentaMVCTests;
				PRODUCT_NAME = "$(TARGET_NAME)";
				SWIFT_VERSION = 5.0;
				TARGETED_DEVICE_FAMILY = "1,2";
				TEST_HOST = "$(BUILT_PRODUCTS_DIR)/MentaMVC.app/MentaMVC";
			};
			name = Release;
		};
/* End XCBuildConfiguration section */

/* Begin XCConfigurationList section */
		A5F5DD3D24F0B05B002F7F43 /* Build configuration list for PBXProject "MentaMVC" */ = {
			isa = XCConfigurationList;
			buildConfigurations = (
				A5F5DD5F24F0B05C002F7F43 /* Debug */,
				A5F5DD6024F0B05C002F7F43 /* Release */,
			);
			defaultConfigurationIsVisible = 0;
			defaultConfigurationName = Release;
		};
		A5F5DD6124F0B05C002F7F43 /* Build configuration list for PBXNativeTarget "MentaMVC" */ = {
			isa = XCConfigurationList;
			buildConfigurations = (
				A5F5DD6224F0B05C002F7F43 /* Debug */,
				A5F5DD6324F0B05C002F7F43 /* Release */,
			);
			defaultConfigurationIsVisible = 0;
			defaultConfigurationName = Release;
		};
		A5F5DD6424F0B05C002F7F43 /* Build configuration list for PBXNativeTarget "MentaMVCTests" */ = {
			isa = XCConfigurationList;
			buildConfigurations = (
				A5F5DD6524F0B05C002F7F43 /* Debug */,
				A5F5DD6624F0B05C002F7F43 /* Release */,
			);
			defaultConfigurationIsVisible = 0;
			defaultConfigurationName = Release;
		};
/* End XCConfigurationList section */
	};
	rootObject = A5F5DD3A24F0B05B002F7F43 /* Project object */;
}
